
Microsoft Visual Studio Solution File, Format Version 12.00
# Visual Studio Version 17
VisualStudioVersion = 17.6.33815.320
MinimumVisualStudioVersion = 10.0.40219.1
Project("{FAE04EC0-301F-11D3-BF4B-00C04F79EFBC}") = "TestLogin_Server", "TestLogin\TestLogin_Server.csproj", "{C0767DCD-C046-462B-8B30-F99B750E28B1}"
EndProject
Project("{FAE04EC0-301F-11D3-BF4B-00C04F79EFBC}") = "TestLogin_Host", "TestLogin_Host\TestLogin_Host.csproj", "{C109B1A2-88B7-4DFA-A560-7905DBA19D60}"
	ProjectSection(ProjectDependencies) = postProject
		{C0767DCD-C046-462B-8B30-F99B750E28B1} = {C0767DCD-C046-462B-8B30-F99B750E28B1}
	EndProjectSection
EndProject
Global
	GlobalSection(SolutionConfigurationPlatforms) = preSolution
		Debug|Any CPU = Debug|Any CPU
		Release|Any CPU = Release|Any CPU
	EndGlobalSection
	GlobalSection(ProjectConfigurationPlatforms) = postSolution
		{C0767DCD-C046-462B-8B30-F99B750E28B1}.Debug|Any CPU.ActiveCfg = Debug|Any CPU
		{C0767DCD-C046-462B-8B30-F99B750E28B1}.Debug|Any CPU.Build.0 = Debug|Any CPU
		{C0767DCD-C046-462B-8B30-F99B750E28B1}.Release|Any CPU.ActiveCfg = Release|Any CPU
		{C0767DCD-C046-462B-8B30-F99B750E28B1}.Release|Any CPU.Build.0 = Release|Any CPU
		{C109B1A2-88B7-4DFA-A560-7905DBA19D60}.Debug|Any CPU.ActiveCfg = Debug|Any CPU
		{C109B1A2-88B7-4DFA-A560-7905DBA19D60}.Debug|Any CPU.Build.0 = Debug|Any CPU
		{C109B1A2-88B7-4DFA-A560-7905DBA19D60}.Release|Any CPU.ActiveCfg = Release|Any CPU
		{C109B1A2-88B7-4DFA-A560-7905DBA19D60}.Release|Any CPU.Build.0 = Release|Any CPU
	EndGlobalSection
	GlobalSection(SolutionProperties) = preSolution
		HideSolutionNode = FALSE
	EndGlobalSection
	GlobalSection(ExtensibilityGlobals) = postSolution
		SolutionGuid = {DC107059-9638-48F8-A474-0E76264B0212}
	EndGlobalSection
EndGlobal
